
Microsoft Visual Studio Solution File, Format Version 12.00
# Visual Studio Version 17
VisualStudioVersion = 17.3.32901.215
MinimumVisualStudioVersion = 10.0.40219.1
Project("{FAE04EC0-301F-11D3-BF4B-00C04F79EFBC}") = "if else ilk örnek", "if else ilk örnek\if else ilk örnek.csproj", "{605C43F9-11B2-4A0C-94B2-A9D3D5BF6313}"
EndProject
Global
	GlobalSection(SolutionConfigurationPlatforms) = preSolution
		Debug|Any CPU = Debug|Any CPU
		Release|Any CPU = Release|Any CPU
	EndGlobalSection
	GlobalSection(ProjectConfigurationPlatforms) = postSolution
		{605C43F9-11B2-4A0C-94B2-A9D3D5BF6313}.Debug|Any CPU.ActiveCfg = Debug|Any CPU
		{605C43F9-11B2-4A0C-94B2-A9D3D5BF6313}.Debug|Any CPU.Build.0 = Debug|Any CPU
		{605C43F9-11B2-4A0C-94B2-A9D3D5BF6313}.Release|Any CPU.ActiveCfg = Release|Any CPU
		{605C43F9-11B2-4A0C-94B2-A9D3D5BF6313}.Release|Any CPU.Build.0 = Release|Any CPU
	EndGlobalSection
	GlobalSection(SolutionProperties) = preSolution
		HideSolutionNode = FALSE
	EndGlobalSection
	GlobalSection(ExtensibilityGlobals) = postSolution
		SolutionGuid = {A824A501-46DC-42C1-AD41-B845E29A667D}
	EndGlobalSection
EndGlobal
